
Microsoft Visual Studio Solution File, Format Version 12.00
# Visual Studio 14
VisualStudioVersion = 14.0.25123.0
MinimumVisualStudioVersion = 10.0.40219.1
Project("{2150E333-8FDC-42A3-9474-1A3956D46DE8}") = "Tests", "Tests", "{FCCAF8EF-B08E-4442-90B6-A41903CFB93A}"
EndProject
Project("{FAE04EC0-301F-11D3-BF4B-00C04F79EFBC}") = "OmniXaml.Services.Tests", "Source\OmniXaml.Services.Tests\OmniXaml.Services.Tests.csproj", "{BB3EEE9D-9962-4ADB-954A-E070B0C03CC8}"
EndProject
Project("{FAE04EC0-301F-11D3-BF4B-00C04F79EFBC}") = "OmniXaml.Services.DotNetFx", "Source\OmniXaml.Services.DotNetFx\OmniXaml.Services.DotNetFx.csproj", "{70B12EBB-E332-402E-BAF0-C55F38A6B753}"
EndProject
Project("{2150E333-8FDC-42A3-9474-1A3956D46DE8}") = "Test Applications", "Test Applications", "{1097E760-F02E-433D-ADE6-EC13F9CAEF91}"
EndProject
Project("{2150E333-8FDC-42A3-9474-1A3956D46DE8}") = "Shared", "Shared", "{A3E121C9-F1A5-468B-940E-BF09C0414DB5}"
EndProject
Project("{FAE04EC0-301F-11D3-BF4B-00C04F79EFBC}") = "OmniXaml.Services.Mvvm", "Source\OmniXaml.Services.Mvvm\OmniXaml.Services.Mvvm.csproj", "{7784DA26-90C9-402E-8AAE-6D4D59C22D74}"
EndProject
Project("{2150E333-8FDC-42A3-9474-1A3956D46DE8}") = "Services", "Services", "{D42127E2-3E4B-448C-9481-A31B579FBCEE}"
EndProject
Project("{2150E333-8FDC-42A3-9474-1A3956D46DE8}") = "Core", "Core", "{2087C721-53A7-4636-BF02-C1EB0F7378AC}"
EndProject
Project("{8BB2217D-0F2D-49D1-97BC-3654ED321F3B}") = "OmniXaml.Testing.Classes.NetCore", "Test\OmniXaml.Testing.Classes.NetCore.xproj", "{2D117CD0-F578-4DAC-B64D-60FBD41129D0}"
EndProject
Project("{8BB2217D-0F2D-49D1-97BC-3654ED321F3B}") = "OmniXaml.NetCore", "OmniXaml.NetCore\OmniXaml.NetCore.xproj", "{BB0CFC52-FE3D-42D3-9A5D-C50B61FDC33E}"
EndProject
Project("{8BB2217D-0F2D-49D1-97BC-3654ED321F3B}") = "OmniXaml.Testing.Common.NetCore", "OmniXaml.Testing.Common.NetCore\OmniXaml.Testing.Common.NetCore.xproj", "{C77FB53C-0A35-44B8-B146-A6B8BFF2BB47}"
EndProject
Project("{8BB2217D-0F2D-49D1-97BC-3654ED321F3B}") = "OmniXaml.Testing.Resources.NetCore", "OmniXaml.Testing.Resources.NetCore\OmniXaml.Testing.Resources.NetCore.xproj", "{453C04BB-93FC-40E5-83AE-B6FEA74848C8}"
EndProject
Project("{8BB2217D-0F2D-49D1-97BC-3654ED321F3B}") = "OmniXaml.Tests.NetCore", "OmniXaml.Tests.NetCore\OmniXaml.Tests.NetCore.xproj", "{CE307B50-CFC1-484D-B0F8-267E3CA1FD60}"
EndProject
Project("{8BB2217D-0F2D-49D1-97BC-3654ED321F3B}") = "OmniXaml.Tests.NetCoreApp", "OmniXaml.Tests.NetCoreApp\OmniXaml.Tests.NetCoreApp.xproj", "{E5E7CE11-F30E-440C-BFF8-C5287D544A9B}"
EndProject
Project("{8BB2217D-0F2D-49D1-97BC-3654ED321F3B}") = "BasicModel.NetCore", "BasicModel.NetCore\BasicModel.NetCore.xproj", "{B997AE9C-F8A3-4D21-BFF3-328EB0AF58E6}"
EndProject
Project("{8BB2217D-0F2D-49D1-97BC-3654ED321F3B}") = "OmniXaml.Services.NetCore", "OmniXaml.Services.NetCore\OmniXaml.Services.NetCore.xproj", "{185FABD9-67BB-4984-9065-E694A12CBE7F}"
EndProject
Global
	GlobalSection(SolutionConfigurationPlatforms) = preSolution
		Debug|Any CPU = Debug|Any CPU
		Release|Any CPU = Release|Any CPU
	EndGlobalSection
	GlobalSection(ProjectConfigurationPlatforms) = postSolution
		{BB3EEE9D-9962-4ADB-954A-E070B0C03CC8}.Debug|Any CPU.ActiveCfg = Debug|Any CPU
		{BB3EEE9D-9962-4ADB-954A-E070B0C03CC8}.Debug|Any CPU.Build.0 = Debug|Any CPU
		{BB3EEE9D-9962-4ADB-954A-E070B0C03CC8}.Release|Any CPU.ActiveCfg = Release|Any CPU
		{BB3EEE9D-9962-4ADB-954A-E070B0C03CC8}.Release|Any CPU.Build.0 = Release|Any CPU
		{70B12EBB-E332-402E-BAF0-C55F38A6B753}.Debug|Any CPU.ActiveCfg = Debug|Any CPU
		{70B12EBB-E332-402E-BAF0-C55F38A6B753}.Debug|Any CPU.Build.0 = Debug|Any CPU
		{70B12EBB-E332-402E-BAF0-C55F38A6B753}.Release|Any CPU.ActiveCfg = Release|Any CPU
		{70B12EBB-E332-402E-BAF0-C55F38A6B753}.Release|Any CPU.Build.0 = Release|Any CPU
		{7784DA26-90C9-402E-8AAE-6D4D59C22D74}.Debug|Any CPU.ActiveCfg = Debug|Any CPU
		{7784DA26-90C9-402E-8AAE-6D4D59C22D74}.Debug|Any CPU.Build.0 = Debug|Any CPU
		{7784DA26-90C9-402E-8AAE-6D4D59C22D74}.Release|Any CPU.ActiveCfg = Release|Any CPU
		{7784DA26-90C9-402E-8AAE-6D4D59C22D74}.Release|Any CPU.Build.0 = Release|Any CPU
		{2D117CD0-F578-4DAC-B64D-60FBD41129D0}.Debug|Any CPU.ActiveCfg = Debug|Any CPU
		{2D117CD0-F578-4DAC-B64D-60FBD41129D0}.Debug|Any CPU.Build.0 = Debug|Any CPU
		{2D117CD0-F578-4DAC-B64D-60FBD41129D0}.Release|Any CPU.ActiveCfg = Release|Any CPU
		{2D117CD0-F578-4DAC-B64D-60FBD41129D0}.Release|Any CPU.Build.0 = Release|Any CPU
		{BB0CFC52-FE3D-42D3-9A5D-C50B61FDC33E}.Debug|Any CPU.ActiveCfg = Debug|Any CPU
		{BB0CFC52-FE3D-42D3-9A5D-C50B61FDC33E}.Debug|Any CPU.Build.0 = Debug|Any CPU
		{BB0CFC52-FE3D-42D3-9A5D-C50B61FDC33E}.Release|Any CPU.ActiveCfg = Release|Any CPU
		{BB0CFC52-FE3D-42D3-9A5D-C50B61FDC33E}.Release|Any CPU.Build.0 = Release|Any CPU
		{C77FB53C-0A35-44B8-B146-A6B8BFF2BB47}.Debug|Any CPU.ActiveCfg = Debug|Any CPU
		{C77FB53C-0A35-44B8-B146-A6B8BFF2BB47}.Debug|Any CPU.Build.0 = Debug|Any CPU
		{C77FB53C-0A35-44B8-B146-A6B8BFF2BB47}.Release|Any CPU.ActiveCfg = Release|Any CPU
		{C77FB53C-0A35-44B8-B146-A6B8BFF2BB47}.Release|Any CPU.Build.0 = Release|Any CPU
		{453C04BB-93FC-40E5-83AE-B6FEA74848C8}.Debug|Any CPU.ActiveCfg = Debug|Any CPU
		{453C04BB-93FC-40E5-83AE-B6FEA74848C8}.Debug|Any CPU.Build.0 = Debug|Any CPU
		{453C04BB-93FC-40E5-83AE-B6FEA74848C8}.Release|Any CPU.ActiveCfg = Release|Any CPU
		{453C04BB-93FC-40E5-83AE-B6FEA74848C8}.Release|Any CPU.Build.0 = Release|Any CPU
		{CE307B50-CFC1-484D-B0F8-267E3CA1FD60}.Debug|Any CPU.ActiveCfg = Debug|Any CPU
		{CE307B50-CFC1-484D-B0F8-267E3CA1FD60}.Debug|Any CPU.Build.0 = Debug|Any CPU
		{CE307B50-CFC1-484D-B0F8-267E3CA1FD60}.Release|Any CPU.ActiveCfg = Release|Any CPU
		{CE307B50-CFC1-484D-B0F8-267E3CA1FD60}.Release|Any CPU.Build.0 = Release|Any CPU
		{E5E7CE11-F30E-440C-BFF8-C5287D544A9B}.Debug|Any CPU.ActiveCfg = Debug|Any CPU
		{E5E7CE11-F30E-440C-BFF8-C5287D544A9B}.Debug|Any CPU.Build.0 = Debug|Any CPU
		{E5E7CE11-F30E-440C-BFF8-C5287D544A9B}.Release|Any CPU.ActiveCfg = Release|Any CPU
		{E5E7CE11-F30E-440C-BFF8-C5287D544A9B}.Release|Any CPU.Build.0 = Release|Any CPU
		{B997AE9C-F8A3-4D21-BFF3-328EB0AF58E6}.Debug|Any CPU.ActiveCfg = Debug|Any CPU
		{B997AE9C-F8A3-4D21-BFF3-328EB0AF58E6}.Debug|Any CPU.Build.0 = Debug|Any CPU
		{B997AE9C-F8A3-4D21-BFF3-328EB0AF58E6}.Release|Any CPU.ActiveCfg = Release|Any CPU
		{B997AE9C-F8A3-4D21-BFF3-328EB0AF58E6}.Release|Any CPU.Build.0 = Release|Any CPU
		{185FABD9-67BB-4984-9065-E694A12CBE7F}.Debug|Any CPU.ActiveCfg = Debug|Any CPU
		{185FABD9-67BB-4984-9065-E694A12CBE7F}.Debug|Any CPU.Build.0 = Debug|Any CPU
		{185FABD9-67BB-4984-9065-E694A12CBE7F}.Release|Any CPU.ActiveCfg = Release|Any CPU
		{185FABD9-67BB-4984-9065-E694A12CBE7F}.Release|Any CPU.Build.0 = Release|Any CPU
	EndGlobalSection
	GlobalSection(SolutionProperties) = preSolution
		HideSolutionNode = FALSE
	EndGlobalSection
	GlobalSection(NestedProjects) = preSolution
		{BB3EEE9D-9962-4ADB-954A-E070B0C03CC8} = {FCCAF8EF-B08E-4442-90B6-A41903CFB93A}
		{70B12EBB-E332-402E-BAF0-C55F38A6B753} = {D42127E2-3E4B-448C-9481-A31B579FBCEE}
		{A3E121C9-F1A5-468B-940E-BF09C0414DB5} = {FCCAF8EF-B08E-4442-90B6-A41903CFB93A}
		{7784DA26-90C9-402E-8AAE-6D4D59C22D74} = {D42127E2-3E4B-448C-9481-A31B579FBCEE}
		{2D117CD0-F578-4DAC-B64D-60FBD41129D0} = {A3E121C9-F1A5-468B-940E-BF09C0414DB5}
		{BB0CFC52-FE3D-42D3-9A5D-C50B61FDC33E} = {2087C721-53A7-4636-BF02-C1EB0F7378AC}
		{C77FB53C-0A35-44B8-B146-A6B8BFF2BB47} = {A3E121C9-F1A5-468B-940E-BF09C0414DB5}
		{453C04BB-93FC-40E5-83AE-B6FEA74848C8} = {A3E121C9-F1A5-468B-940E-BF09C0414DB5}
		{CE307B50-CFC1-484D-B0F8-267E3CA1FD60} = {FCCAF8EF-B08E-4442-90B6-A41903CFB93A}
		{E5E7CE11-F30E-440C-BFF8-C5287D544A9B} = {FCCAF8EF-B08E-4442-90B6-A41903CFB93A}
		{B997AE9C-F8A3-4D21-BFF3-328EB0AF58E6} = {1097E760-F02E-433D-ADE6-EC13F9CAEF91}
		{185FABD9-67BB-4984-9065-E694A12CBE7F} = {D42127E2-3E4B-448C-9481-A31B579FBCEE}
	EndGlobalSection
EndGlobal
